
Microsoft Visual Studio Solution File, Format Version 12.00
# Visual Studio Version 17
VisualStudioVersion = 17.5.002.0
MinimumVisualStudioVersion = 10.0.40219.1
Project("{9A19103F-16F7-4668-BE54-9A1E7A4F7556}") = "Semana1", "Semana1.csproj", "{F2F5E40E-4A04-4972-8E64-FF32FFF09EB8}"
EndProject
Global
	GlobalSection(SolutionConfigurationPlatforms) = preSolution
		Debug|Any CPU = Debug|Any CPU
		Release|Any CPU = Release|Any CPU
	EndGlobalSection
	GlobalSection(ProjectConfigurationPlatforms) = postSolution
		{F2F5E40E-4A04-4972-8E64-FF32FFF09EB8}.Debug|Any CPU.ActiveCfg = Debug|Any CPU
		{F2F5E40E-4A04-4972-8E64-FF32FFF09EB8}.Debug|Any CPU.Build.0 = Debug|Any CPU
		{F2F5E40E-4A04-4972-8E64-FF32FFF09EB8}.Release|Any CPU.ActiveCfg = Release|Any CPU
		{F2F5E40E-4A04-4972-8E64-FF32FFF09EB8}.Release|Any CPU.Build.0 = Release|Any CPU
	EndGlobalSection
	GlobalSection(SolutionProperties) = preSolution
		HideSolutionNode = FALSE
	EndGlobalSection
	GlobalSection(ExtensibilityGlobals) = postSolution
		SolutionGuid = {E8EB9014-517C-4966-B72B-D0B76FAB2BF9}
	EndGlobalSection
EndGlobal
